{
  "version": 4,
  "terraform_version": "1.8.4",
  "serial": 25,
  "lineage": "02383898-aff5-7c52-f010-7e25d138bda6",
  "outputs": {
    "apex_record_fqdn": {
      "value": "casey.click",
      "type": "string"
    },
    "aws_console_links": {
      "value": {
        "certificate": "https://console.aws.amazon.com/acm/home?region=us-east-1#/certificates/arn:aws:acm:us-east-1:933822101074:certificate/bd67c5a4-8e59-4db6-ac00-336c291c8ee4",
        "cloudfront": "https://console.aws.amazon.com/cloudfront/v3/home#/distributions/E20H6JIYEH8AXW",
        "route53": "https://console.aws.amazon.com/route53/v2/hostedzones#ListRecordSets/Z071783729IOP1J69O6V1",
        "s3_bucket": "https://s3.console.aws.amazon.com/s3/buckets/casey-click-website-prod"
      },
      "type": [
        "object",
        {
          "certificate": "string",
          "cloudfront": "string",
          "route53": "string",
          "s3_bucket": "string"
        }
      ]
    },
    "certificate_arn": {
      "value": "arn:aws:acm:us-east-1:933822101074:certificate/bd67c5a4-8e59-4db6-ac00-336c291c8ee4",
      "type": "string"
    },
    "certificate_domain_validation_options": {
      "value": [
        {
          "domain_name": "casey.click",
          "resource_record_name": "_a99cf49b240c7b01a5643b066a8e89a0.casey.click.",
          "resource_record_type": "CNAME",
          "resource_record_value": "_9973b016bdb6bddab50b7ee2ee1d85e6.xlfgrmvvlj.acm-validations.aws."
        },
        {
          "domain_name": "www.casey.click",
          "resource_record_name": "_f9a76a9e2ad6580c182a09a37be55199.www.casey.click.",
          "resource_record_type": "CNAME",
          "resource_record_value": "_68477a1421f2ec1838171ade26bbd56d.xlfgrmvvlj.acm-validations.aws."
        }
      ],
      "type": [
        "set",
        [
          "object",
          {
            "domain_name": "string",
            "resource_record_name": "string",
            "resource_record_type": "string",
            "resource_record_value": "string"
          }
        ]
      ],
      "sensitive": true
    },
    "cloudfront_distribution_arn": {
      "value": "arn:aws:cloudfront::933822101074:distribution/E20H6JIYEH8AXW",
      "type": "string"
    },
    "cloudfront_distribution_id": {
      "value": "E20H6JIYEH8AXW",
      "type": "string"
    },
    "cloudfront_domain_name": {
      "value": "d1sk918hgzx1la.cloudfront.net",
      "type": "string"
    },
    "cloudfront_hosted_zone_id": {
      "value": "Z2FDTNDATAQYW2",
      "type": "string"
    },
    "cloudfront_invalidation_command": {
      "value": "aws cloudfront create-invalidation --distribution-id E20H6JIYEH8AXW --paths '/*'",
      "type": "string"
    },
    "deployment_bucket_sync_command": {
      "value": "aws s3 sync ./static-fe/dist/ s3://casey-click-website-prod/ --delete",
      "type": "string"
    },
    "dns_configuration_instructions": {
      "value": "To complete the setup, update your domain registrar's nameservers to:\nns-1389.awsdns-45.org\n    ns-2033.awsdns-62.co.uk\n    ns-326.awsdns-40.com\n    ns-871.awsdns-44.net\n    \nThis will delegate DNS management to Route53 for your domain casey.click.\n",
      "type": "string"
    },
    "origin_access_control_id": {
      "value": "EMRBGZ2LMBQOE",
      "type": "string"
    },
    "redirect_url": {
      "value": "https://casey.click",
      "type": "string"
    },
    "route53_zone_id": {
      "value": "Z071783729IOP1J69O6V1",
      "type": "string"
    },
    "route53_zone_name_servers": {
      "value": [
        "ns-1389.awsdns-45.org",
        "ns-2033.awsdns-62.co.uk",
        "ns-326.awsdns-40.com",
        "ns-871.awsdns-44.net"
      ],
      "type": [
        "list",
        "string"
      ]
    },
    "s3_bucket_arn": {
      "value": "arn:aws:s3:::casey-click-website-prod",
      "type": "string"
    },
    "s3_bucket_domain_name": {
      "value": "casey-click-website-prod.s3.amazonaws.com",
      "type": "string"
    },
    "s3_bucket_name": {
      "value": "casey-click-website-prod",
      "type": "string"
    },
    "website_url": {
      "value": "https://www.casey.click",
      "type": "string"
    },
    "www_record_fqdn": {
      "value": "www.casey.click",
      "type": "string"
    }
  },
  "resources": [
    {
      "mode": "data",
      "type": "aws_caller_identity",
      "name": "current",
      "provider": "provider[\"registry.terraform.io/hashicorp/aws\"]",
      "instances": [
        {
          "schema_version": 0,
          "attributes": {
            "account_id": "933822101074",
            "arn": "arn:aws:iam::933822101074:user/nam1",
            "id": "933822101074",
            "user_id": "AIDA5S3BCOZJD6UGRF2TO"
          },
          "sensitive_attributes": []
        }
      ]
    },
    {
      "mode": "data",
      "type": "aws_region",
      "name": "current",
      "provider": "provider[\"registry.terraform.io/hashicorp/aws\"]",
      "instances": [
        {
          "schema_version": 0,
          "attributes": {
            "description": "Asia Pacific (Singapore)",
            "endpoint": "ec2.ap-southeast-1.amazonaws.com",
            "id": "ap-southeast-1",
            "name": "ap-southeast-1"
          },
          "sensitive_attributes": []
        }
      ]
    },
    {
      "mode": "managed",
      "type": "aws_acm_certificate",
      "name": "website_cert",
      "provider": "provider[\"registry.terraform.io/hashicorp/aws\"].us_east_1",
      "instances": [
        {
          "schema_version": 0,
          "attributes": {
            "arn": "arn:aws:acm:us-east-1:933822101074:certificate/bd67c5a4-8e59-4db6-ac00-336c291c8ee4",
            "certificate_authority_arn": "",
            "certificate_body": null,
            "certificate_chain": null,
            "domain_name": "casey.click",
            "domain_validation_options": [
              {
                "domain_name": "casey.click",
                "resource_record_name": "_a99cf49b240c7b01a5643b066a8e89a0.casey.click.",
                "resource_record_type": "CNAME",
                "resource_record_value": "_9973b016bdb6bddab50b7ee2ee1d85e6.xlfgrmvvlj.acm-validations.aws."
              },
              {
                "domain_name": "www.casey.click",
                "resource_record_name": "_f9a76a9e2ad6580c182a09a37be55199.www.casey.click.",
                "resource_record_type": "CNAME",
                "resource_record_value": "_68477a1421f2ec1838171ade26bbd56d.xlfgrmvvlj.acm-validations.aws."
              }
            ],
            "early_renewal_duration": "",
            "id": "arn:aws:acm:us-east-1:933822101074:certificate/bd67c5a4-8e59-4db6-ac00-336c291c8ee4",
            "key_algorithm": "RSA_2048",
            "not_after": "2026-09-17T23:59:59Z",
            "not_before": "2025-08-19T00:00:00Z",
            "options": [
              {
                "certificate_transparency_logging_preference": "ENABLED"
              }
            ],
            "pending_renewal": false,
            "private_key": null,
            "renewal_eligibility": "ELIGIBLE",
            "renewal_summary": [],
            "status": "ISSUED",
            "subject_alternative_names": [
              "casey.click",
              "www.casey.click"
            ],
            "tags": {
              "Name": "casey.click-certificate"
            },
            "tags_all": {
              "Environment": "prod",
              "ManagedBy": "terraform",
              "Name": "casey.click-certificate",
              "Project": "casey-click-website"
            },
            "type": "AMAZON_ISSUED",
            "validation_emails": [],
            "validation_method": "DNS",
            "validation_option": []
          },
          "sensitive_attributes": [
            [
              {
                "type": "get_attr",
                "value": "private_key"
              }
            ]
          ],
          "private": "bnVsbA==",
          "create_before_destroy": true
        }
      ]
    },
    {
      "mode": "managed",
      "type": "aws_acm_certificate_validation",
      "name": "website_cert",
      "provider": "provider[\"registry.terraform.io/hashicorp/aws\"].us_east_1",
      "instances": [
        {
          "schema_version": 0,
          "attributes": {
            "certificate_arn": "arn:aws:acm:us-east-1:933822101074:certificate/bd67c5a4-8e59-4db6-ac00-336c291c8ee4",
            "id": "2025-08-19 01:52:44.168 +0000 UTC",
            "timeouts": {
              "create": "10m"
            },
            "validation_record_fqdns": [
              "_a99cf49b240c7b01a5643b066a8e89a0.casey.click",
              "_f9a76a9e2ad6580c182a09a37be55199.www.casey.click"
            ]
          },
          "sensitive_attributes": [],
          "private": "eyJlMmJmYjczMC1lY2FhLTExZTYtOGY4OC0zNDM2M2JjN2M0YzAiOnsiY3JlYXRlIjo2MDAwMDAwMDAwMDB9fQ==",
          "dependencies": [
            "aws_acm_certificate.website_cert",
            "module.route53.aws_route53_health_check.main",
            "module.route53.aws_route53_record.cert_validation",
            "module.route53.aws_route53_zone.main"
          ]
        }
      ]
    },
    {
      "mode": "managed",
      "type": "aws_route53_record",
      "name": "apex",
      "provider": "provider[\"registry.terraform.io/hashicorp/aws\"]",
      "instances": [
        {
          "schema_version": 2,
          "attributes": {
            "alias": [
              {
                "evaluate_target_health": false,
                "name": "d1sk918hgzx1la.cloudfront.net",
                "zone_id": "Z2FDTNDATAQYW2"
              }
            ],
            "allow_overwrite": null,
            "cidr_routing_policy": [],
            "failover_routing_policy": [],
            "fqdn": "casey.click",
            "geolocation_routing_policy": [],
            "geoproximity_routing_policy": [],
            "health_check_id": "",
            "id": "Z071783729IOP1J69O6V1_casey.click_A",
            "latency_routing_policy": [],
            "multivalue_answer_routing_policy": false,
            "name": "casey.click",
            "records": [],
            "set_identifier": "",
            "timeouts": null,
            "ttl": 0,
            "type": "A",
            "weighted_routing_policy": [],
            "zone_id": "Z071783729IOP1J69O6V1"
          },
          "sensitive_attributes": [],
          "private": "eyJlMmJmYjczMC1lY2FhLTExZTYtOGY4OC0zNDM2M2JjN2M0YzAiOnsiY3JlYXRlIjoxODAwMDAwMDAwMDAwLCJkZWxldGUiOjE4MDAwMDAwMDAwMDAsInVwZGF0ZSI6MTgwMDAwMDAwMDAwMH0sInNjaGVtYV92ZXJzaW9uIjoiMiJ9",
          "dependencies": [
            "aws_acm_certificate.website_cert",
            "aws_acm_certificate_validation.website_cert",
            "module.cloudfront.aws_cloudfront_distribution.website",
            "module.cloudfront.aws_cloudfront_function.redirect_apex_to_www",
            "module.cloudfront.aws_cloudfront_origin_access_control.website",
            "module.cloudfront.aws_s3_bucket.cloudfront_logs",
            "module.cloudfront.aws_s3_bucket_lifecycle_configuration.cloudfront_logs",
            "module.cloudfront.aws_s3_bucket_public_access_block.cloudfront_logs",
            "module.route53.aws_route53_health_check.main",
            "module.route53.aws_route53_record.cert_validation",
            "module.route53.aws_route53_zone.main",
            "module.s3_website.aws_s3_bucket.website"
          ]
        }
      ]
    },
    {
      "mode": "managed",
      "type": "aws_route53_record",
      "name": "apex_ipv6",
      "provider": "provider[\"registry.terraform.io/hashicorp/aws\"]",
      "instances": [
        {
          "schema_version": 2,
          "attributes": {
            "alias": [
              {
                "evaluate_target_health": false,
                "name": "d1sk918hgzx1la.cloudfront.net",
                "zone_id": "Z2FDTNDATAQYW2"
              }
            ],
            "allow_overwrite": null,
            "cidr_routing_policy": [],
            "failover_routing_policy": [],
            "fqdn": "casey.click",
            "geolocation_routing_policy": [],
            "geoproximity_routing_policy": [],
            "health_check_id": "",
            "id": "Z071783729IOP1J69O6V1_casey.click_AAAA",
            "latency_routing_policy": [],
            "multivalue_answer_routing_policy": false,
            "name": "casey.click",
            "records": [],
            "set_identifier": "",
            "timeouts": null,
            "ttl": 0,
            "type": "AAAA",
            "weighted_routing_policy": [],
            "zone_id": "Z071783729IOP1J69O6V1"
          },
          "sensitive_attributes": [],
          "private": "eyJlMmJmYjczMC1lY2FhLTExZTYtOGY4OC0zNDM2M2JjN2M0YzAiOnsiY3JlYXRlIjoxODAwMDAwMDAwMDAwLCJkZWxldGUiOjE4MDAwMDAwMDAwMDAsInVwZGF0ZSI6MTgwMDAwMDAwMDAwMH0sInNjaGVtYV92ZXJzaW9uIjoiMiJ9",
          "dependencies": [
            "aws_acm_certificate.website_cert",
            "aws_acm_certificate_validation.website_cert",
            "module.cloudfront.aws_cloudfront_distribution.website",
            "module.cloudfront.aws_cloudfront_function.redirect_apex_to_www",
            "module.cloudfront.aws_cloudfront_origin_access_control.website",
            "module.cloudfront.aws_s3_bucket.cloudfront_logs",
            "module.cloudfront.aws_s3_bucket_lifecycle_configuration.cloudfront_logs",
            "module.cloudfront.aws_s3_bucket_public_access_block.cloudfront_logs",
            "module.route53.aws_route53_health_check.main",
            "module.route53.aws_route53_record.cert_validation",
            "module.route53.aws_route53_zone.main",
            "module.s3_website.aws_s3_bucket.website"
          ]
        }
      ]
    },
    {
      "mode": "managed",
      "type": "aws_route53_record",
      "name": "www",
      "provider": "provider[\"registry.terraform.io/hashicorp/aws\"]",
      "instances": [
        {
          "schema_version": 2,
          "attributes": {
            "alias": [
              {
                "evaluate_target_health": false,
                "name": "d1sk918hgzx1la.cloudfront.net",
                "zone_id": "Z2FDTNDATAQYW2"
              }
            ],
            "allow_overwrite": null,
            "cidr_routing_policy": [],
            "failover_routing_policy": [],
            "fqdn": "www.casey.click",
            "geolocation_routing_policy": [],
            "geoproximity_routing_policy": [],
            "health_check_id": "",
            "id": "Z071783729IOP1J69O6V1_www.casey.click_A",
            "latency_routing_policy": [],
            "multivalue_answer_routing_policy": false,
            "name": "www.casey.click",
            "records": [],
            "set_identifier": "",
            "timeouts": null,
            "ttl": 0,
            "type": "A",
            "weighted_routing_policy": [],
            "zone_id": "Z071783729IOP1J69O6V1"
          },
          "sensitive_attributes": [],
          "private": "eyJlMmJmYjczMC1lY2FhLTExZTYtOGY4OC0zNDM2M2JjN2M0YzAiOnsiY3JlYXRlIjoxODAwMDAwMDAwMDAwLCJkZWxldGUiOjE4MDAwMDAwMDAwMDAsInVwZGF0ZSI6MTgwMDAwMDAwMDAwMH0sInNjaGVtYV92ZXJzaW9uIjoiMiJ9",
          "dependencies": [
            "aws_acm_certificate.website_cert",
            "aws_acm_certificate_validation.website_cert",
            "module.cloudfront.aws_cloudfront_distribution.website",
            "module.cloudfront.aws_cloudfront_function.redirect_apex_to_www",
            "module.cloudfront.aws_cloudfront_origin_access_control.website",
            "module.cloudfront.aws_s3_bucket.cloudfront_logs",
            "module.cloudfront.aws_s3_bucket_lifecycle_configuration.cloudfront_logs",
            "module.cloudfront.aws_s3_bucket_public_access_block.cloudfront_logs",
            "module.route53.aws_route53_health_check.main",
            "module.route53.aws_route53_record.cert_validation",
            "module.route53.aws_route53_zone.main",
            "module.s3_website.aws_s3_bucket.website"
          ]
        }
      ]
    },
    {
      "mode": "managed",
      "type": "aws_route53_record",
      "name": "www_ipv6",
      "provider": "provider[\"registry.terraform.io/hashicorp/aws\"]",
      "instances": [
        {
          "schema_version": 2,
          "attributes": {
            "alias": [
              {
                "evaluate_target_health": false,
                "name": "d1sk918hgzx1la.cloudfront.net",
                "zone_id": "Z2FDTNDATAQYW2"
              }
            ],
            "allow_overwrite": null,
            "cidr_routing_policy": [],
            "failover_routing_policy": [],
            "fqdn": "www.casey.click",
            "geolocation_routing_policy": [],
            "geoproximity_routing_policy": [],
            "health_check_id": "",
            "id": "Z071783729IOP1J69O6V1_www.casey.click_AAAA",
            "latency_routing_policy": [],
            "multivalue_answer_routing_policy": false,
            "name": "www.casey.click",
            "records": [],
            "set_identifier": "",
            "timeouts": null,
            "ttl": 0,
            "type": "AAAA",
            "weighted_routing_policy": [],
            "zone_id": "Z071783729IOP1J69O6V1"
          },
          "sensitive_attributes": [],
          "private": "eyJlMmJmYjczMC1lY2FhLTExZTYtOGY4OC0zNDM2M2JjN2M0YzAiOnsiY3JlYXRlIjoxODAwMDAwMDAwMDAwLCJkZWxldGUiOjE4MDAwMDAwMDAwMDAsInVwZGF0ZSI6MTgwMDAwMDAwMDAwMH0sInNjaGVtYV92ZXJzaW9uIjoiMiJ9",
          "dependencies": [
            "aws_acm_certificate.website_cert",
            "aws_acm_certificate_validation.website_cert",
            "module.cloudfront.aws_cloudfront_distribution.website",
            "module.cloudfront.aws_cloudfront_function.redirect_apex_to_www",
            "module.cloudfront.aws_cloudfront_origin_access_control.website",
            "module.cloudfront.aws_s3_bucket.cloudfront_logs",
            "module.cloudfront.aws_s3_bucket_lifecycle_configuration.cloudfront_logs",
            "module.cloudfront.aws_s3_bucket_public_access_block.cloudfront_logs",
            "module.route53.aws_route53_health_check.main",
            "module.route53.aws_route53_record.cert_validation",
            "module.route53.aws_route53_zone.main",
            "module.s3_website.aws_s3_bucket.website"
          ]
        }
      ]
    },
    {
      "mode": "managed",
      "type": "aws_s3_bucket_policy",
      "name": "website",
      "provider": "provider[\"registry.terraform.io/hashicorp/aws\"]",
      "instances": [
        {
          "schema_version": 0,
          "attributes": {
            "bucket": "casey-click-website-prod",
            "id": "casey-click-website-prod",
            "policy": "{\"Statement\":[{\"Action\":\"s3:GetObject\",\"Condition\":{\"StringEquals\":{\"AWS:SourceArn\":\"arn:aws:cloudfront::933822101074:distribution/E20H6JIYEH8AXW\"}},\"Effect\":\"Allow\",\"Principal\":{\"Service\":\"cloudfront.amazonaws.com\"},\"Resource\":\"arn:aws:s3:::casey-click-website-prod/*\",\"Sid\":\"AllowCloudFrontServicePrincipal\"}],\"Version\":\"2012-10-17\"}"
          },
          "sensitive_attributes": [],
          "private": "bnVsbA==",
          "dependencies": [
            "aws_acm_certificate.website_cert",
            "aws_acm_certificate_validation.website_cert",
            "module.cloudfront.aws_cloudfront_distribution.website",
            "module.cloudfront.aws_cloudfront_function.redirect_apex_to_www",
            "module.cloudfront.aws_cloudfront_origin_access_control.website",
            "module.cloudfront.aws_s3_bucket.cloudfront_logs",
            "module.cloudfront.aws_s3_bucket_lifecycle_configuration.cloudfront_logs",
            "module.cloudfront.aws_s3_bucket_public_access_block.cloudfront_logs",
            "module.route53.aws_route53_health_check.main",
            "module.route53.aws_route53_record.cert_validation",
            "module.route53.aws_route53_zone.main",
            "module.s3_website.aws_s3_bucket.website",
            "module.s3_website.aws_s3_bucket_cors_configuration.website",
            "module.s3_website.aws_s3_bucket_lifecycle_configuration.website",
            "module.s3_website.aws_s3_bucket_notification.website",
            "module.s3_website.aws_s3_bucket_public_access_block.website",
            "module.s3_website.aws_s3_bucket_server_side_encryption_configuration.website",
            "module.s3_website.aws_s3_bucket_versioning.website",
            "module.s3_website.data.aws_caller_identity.current",
            "module.s3_website.data.aws_region.current"
          ]
        }
      ]
    },
    {
      "module": "module.cloudfront",
      "mode": "managed",
      "type": "aws_cloudfront_distribution",
      "name": "website",
      "provider": "provider[\"registry.terraform.io/hashicorp/aws\"]",
      "instances": [
        {
          "schema_version": 1,
          "attributes": {
            "aliases": [
              "casey.click",
              "www.casey.click"
            ],
            "arn": "arn:aws:cloudfront::933822101074:distribution/E20H6JIYEH8AXW",
            "caller_reference": "terraform-20250819021408015700000001",
            "comment": "Static website for casey.click",
            "continuous_deployment_policy_id": "",
            "custom_error_response": [
              {
                "error_caching_min_ttl": 300,
                "error_code": 403,
                "response_code": 200,
                "response_page_path": "/index.html"
              },
              {
                "error_caching_min_ttl": 300,
                "error_code": 404,
                "response_code": 200,
                "response_page_path": "/index.html"
              }
            ],
            "default_cache_behavior": [
              {
                "allowed_methods": [
                  "GET",
                  "HEAD",
                  "OPTIONS"
                ],
                "cache_policy_id": "",
                "cached_methods": [
                  "GET",
                  "HEAD"
                ],
                "compress": true,
                "default_ttl": 86400,
                "field_level_encryption_id": "",
                "forwarded_values": [
                  {
                    "cookies": [
                      {
                        "forward": "none",
                        "whitelisted_names": []
                      }
                    ],
                    "headers": [],
                    "query_string": false,
                    "query_string_cache_keys": []
                  }
                ],
                "function_association": [
                  {
                    "event_type": "viewer-request",
                    "function_arn": "arn:aws:cloudfront::933822101074:function/casey-click-redirect-apex-to-www"
                  }
                ],
                "grpc_config": [
                  {
                    "enabled": false
                  }
                ],
                "lambda_function_association": [],
                "max_ttl": 31536000,
                "min_ttl": 0,
                "origin_request_policy_id": "",
                "realtime_log_config_arn": "",
                "response_headers_policy_id": "",
                "smooth_streaming": false,
                "target_origin_id": "S3-casey-click-website-prod",
                "trusted_key_groups": [],
                "trusted_signers": [],
                "viewer_protocol_policy": "redirect-to-https"
              }
            ],
            "default_root_object": "index.html",
            "domain_name": "d1sk918hgzx1la.cloudfront.net",
            "enabled": true,
            "etag": "E2FADVXTXNI1XS",
            "hosted_zone_id": "Z2FDTNDATAQYW2",
            "http_version": "http2",
            "id": "E20H6JIYEH8AXW",
            "in_progress_validation_batches": 0,
            "is_ipv6_enabled": true,
            "last_modified_time": "2025-08-19 02:42:51.648 +0000 UTC",
            "logging_config": [],
            "ordered_cache_behavior": [
              {
                "allowed_methods": [
                  "GET",
                  "HEAD"
                ],
                "cache_policy_id": "",
                "cached_methods": [
                  "GET",
                  "HEAD"
                ],
                "compress": true,
                "default_ttl": 31536000,
                "field_level_encryption_id": "",
                "forwarded_values": [
                  {
                    "cookies": [
                      {
                        "forward": "none",
                        "whitelisted_names": []
                      }
                    ],
                    "headers": [],
                    "query_string": false,
                    "query_string_cache_keys": []
                  }
                ],
                "function_association": [],
                "grpc_config": [
                  {
                    "enabled": false
                  }
                ],
                "lambda_function_association": [],
                "max_ttl": 31536000,
                "min_ttl": 0,
                "origin_request_policy_id": "",
                "path_pattern": "*.css",
                "realtime_log_config_arn": "",
                "response_headers_policy_id": "",
                "smooth_streaming": false,
                "target_origin_id": "S3-casey-click-website-prod",
                "trusted_key_groups": [],
                "trusted_signers": [],
                "viewer_protocol_policy": "redirect-to-https"
              },
              {
                "allowed_methods": [
                  "GET",
                  "HEAD"
                ],
                "cache_policy_id": "",
                "cached_methods": [
                  "GET",
                  "HEAD"
                ],
                "compress": true,
                "default_ttl": 31536000,
                "field_level_encryption_id": "",
                "forwarded_values": [
                  {
                    "cookies": [
                      {
                        "forward": "none",
                        "whitelisted_names": []
                      }
                    ],
                    "headers": [],
                    "query_string": false,
                    "query_string_cache_keys": []
                  }
                ],
                "function_association": [],
                "grpc_config": [
                  {
                    "enabled": false
                  }
                ],
                "lambda_function_association": [],
                "max_ttl": 31536000,
                "min_ttl": 0,
                "origin_request_policy_id": "",
                "path_pattern": "*.js",
                "realtime_log_config_arn": "",
                "response_headers_policy_id": "",
                "smooth_streaming": false,
                "target_origin_id": "S3-casey-click-website-prod",
                "trusted_key_groups": [],
                "trusted_signers": [],
                "viewer_protocol_policy": "redirect-to-https"
              },
              {
                "allowed_methods": [
                  "GET",
                  "HEAD"
                ],
                "cache_policy_id": "",
                "cached_methods": [
                  "GET",
                  "HEAD"
                ],
                "compress": false,
                "default_ttl": 31536000,
                "field_level_encryption_id": "",
                "forwarded_values": [
                  {
                    "cookies": [
                      {
                        "forward": "none",
                        "whitelisted_names": []
                      }
                    ],
                    "headers": [],
                    "query_string": false,
                    "query_string_cache_keys": []
                  }
                ],
                "function_association": [],
                "grpc_config": [
                  {
                    "enabled": false
                  }
                ],
                "lambda_function_association": [],
                "max_ttl": 31536000,
                "min_ttl": 0,
                "origin_request_policy_id": "",
                "path_pattern": "*.png",
                "realtime_log_config_arn": "",
                "response_headers_policy_id": "",
                "smooth_streaming": false,
                "target_origin_id": "S3-casey-click-website-prod",
                "trusted_key_groups": [],
                "trusted_signers": [],
                "viewer_protocol_policy": "redirect-to-https"
              },
              {
                "allowed_methods": [
                  "GET",
                  "HEAD"
                ],
                "cache_policy_id": "",
                "cached_methods": [
                  "GET",
                  "HEAD"
                ],
                "compress": false,
                "default_ttl": 31536000,
                "field_level_encryption_id": "",
                "forwarded_values": [
                  {
                    "cookies": [
                      {
                        "forward": "none",
                        "whitelisted_names": []
                      }
                    ],
                    "headers": [],
                    "query_string": false,
                    "query_string_cache_keys": []
                  }
                ],
                "function_association": [],
                "grpc_config": [
                  {
                    "enabled": false
                  }
                ],
                "lambda_function_association": [],
                "max_ttl": 31536000,
                "min_ttl": 0,
                "origin_request_policy_id": "",
                "path_pattern": "*.jpg",
                "realtime_log_config_arn": "",
                "response_headers_policy_id": "",
                "smooth_streaming": false,
                "target_origin_id": "S3-casey-click-website-prod",
                "trusted_key_groups": [],
                "trusted_signers": [],
                "viewer_protocol_policy": "redirect-to-https"
              },
              {
                "allowed_methods": [
                  "GET",
                  "HEAD"
                ],
                "cache_policy_id": "",
                "cached_methods": [
                  "GET",
                  "HEAD"
                ],
                "compress": true,
                "default_ttl": 31536000,
                "field_level_encryption_id": "",
                "forwarded_values": [
                  {
                    "cookies": [
                      {
                        "forward": "none",
                        "whitelisted_names": []
                      }
                    ],
                    "headers": [],
                    "query_string": false,
                    "query_string_cache_keys": []
                  }
                ],
                "function_association": [],
                "grpc_config": [
                  {
                    "enabled": false
                  }
                ],
                "lambda_function_association": [],
                "max_ttl": 31536000,
                "min_ttl": 0,
                "origin_request_policy_id": "",
                "path_pattern": "*.svg",
                "realtime_log_config_arn": "",
                "response_headers_policy_id": "",
                "smooth_streaming": false,
                "target_origin_id": "S3-casey-click-website-prod",
                "trusted_key_groups": [],
                "trusted_signers": [],
                "viewer_protocol_policy": "redirect-to-https"
              }
            ],
            "origin": [
              {
                "connection_attempts": 3,
                "connection_timeout": 10,
                "custom_header": [],
                "custom_origin_config": [],
                "domain_name": "casey-click-website-prod.s3.ap-southeast-1.amazonaws.com",
                "origin_access_control_id": "EMRBGZ2LMBQOE",
                "origin_id": "S3-casey-click-website-prod",
                "origin_path": "",
                "origin_shield": [],
                "s3_origin_config": [],
                "vpc_origin_config": []
              }
            ],
            "origin_group": [],
            "price_class": "PriceClass_100",
            "restrictions": [
              {
                "geo_restriction": [
                  {
                    "locations": [],
                    "restriction_type": "none"
                  }
                ]
              }
            ],
            "retain_on_delete": false,
            "staging": false,
            "status": "Deployed",
            "tags": {
              "Domain": "casey.click",
              "Environment": "prod",
              "Name": "casey.click-distribution"
            },
            "tags_all": {
              "Domain": "casey.click",
              "Environment": "prod",
              "ManagedBy": "terraform",
              "Name": "casey.click-distribution",
              "Project": "casey-click-website"
            },
            "trusted_key_groups": [
              {
                "enabled": false,
                "items": []
              }
            ],
            "trusted_signers": [
              {
                "enabled": false,
                "items": []
              }
            ],
            "viewer_certificate": [
              {
                "acm_certificate_arn": "arn:aws:acm:us-east-1:933822101074:certificate/bd67c5a4-8e59-4db6-ac00-336c291c8ee4",
                "cloudfront_default_certificate": false,
                "iam_certificate_id": "",
                "minimum_protocol_version": "TLSv1.2_2021",
                "ssl_support_method": "sni-only"
              }
            ],
            "wait_for_deployment": true,
            "web_acl_id": ""
          },
          "sensitive_attributes": [],
          "private": "eyJzY2hlbWFfdmVyc2lvbiI6IjEifQ==",
          "dependencies": [
            "aws_acm_certificate.website_cert",
            "aws_acm_certificate_validation.website_cert",
            "module.cloudfront.aws_cloudfront_function.redirect_apex_to_www",
            "module.cloudfront.aws_cloudfront_origin_access_control.website",
            "module.cloudfront.aws_s3_bucket.cloudfront_logs",
            "module.route53.aws_route53_health_check.main",
            "module.route53.aws_route53_record.cert_validation",
            "module.route53.aws_route53_zone.main",
            "module.s3_website.aws_s3_bucket.website"
          ]
        }
      ]
    },
    {
      "module": "module.cloudfront",
      "mode": "managed",
      "type": "aws_cloudfront_function",
      "name": "redirect_apex_to_www",
      "provider": "provider[\"registry.terraform.io/hashicorp/aws\"]",
      "instances": [
        {
          "schema_version": 0,
          "attributes": {
            "arn": "arn:aws:cloudfront::933822101074:function/casey-click-redirect-apex-to-www",
            "code": "function handler(event) {\n    var request = event.request;\n    var host = request.headers.host.value;\n    \n    // If request is for apex domain, redirect to www\n    if (host === 'casey.click') {\n        var response = {\n            statusCode: 301,\n            statusDescription: 'Moved Permanently',\n            headers: {\n                'location': { value: 'https://www.casey.click' + request.uri }\n            }\n        };\n        return response;\n    }\n    \n    // Otherwise, continue with request\n    return request;\n}\n",
            "comment": "Redirect apex domain to www subdomain",
            "etag": "ETVPDKIKX0DER",
            "id": "casey-click-redirect-apex-to-www",
            "key_value_store_associations": [],
            "live_stage_etag": "ETVPDKIKX0DER",
            "name": "casey-click-redirect-apex-to-www",
            "publish": true,
            "runtime": "cloudfront-js-1.0",
            "status": "DEPLOYED"
          },
          "sensitive_attributes": [],
          "private": "bnVsbA==",
          "dependencies": [
            "aws_acm_certificate.website_cert",
            "aws_acm_certificate_validation.website_cert",
            "module.route53.aws_route53_health_check.main",
            "module.route53.aws_route53_record.cert_validation",
            "module.route53.aws_route53_zone.main"
          ]
        }
      ]
    },
    {
      "module": "module.cloudfront",
      "mode": "managed",
      "type": "aws_cloudfront_origin_access_control",
      "name": "website",
      "provider": "provider[\"registry.terraform.io/hashicorp/aws\"]",
      "instances": [
        {
          "schema_version": 0,
          "attributes": {
            "arn": "arn:aws:cloudfront::933822101074:origin-access-control/EMRBGZ2LMBQOE",
            "description": "Origin Access Control for casey.click static website",
            "etag": "ETVPDKIKX0DER",
            "id": "EMRBGZ2LMBQOE",
            "name": "casey.click-oac",
            "origin_access_control_origin_type": "s3",
            "signing_behavior": "always",
            "signing_protocol": "sigv4"
          },
          "sensitive_attributes": [],
          "private": "bnVsbA==",
          "dependencies": [
            "aws_acm_certificate.website_cert",
            "aws_acm_certificate_validation.website_cert",
            "module.route53.aws_route53_health_check.main",
            "module.route53.aws_route53_record.cert_validation",
            "module.route53.aws_route53_zone.main"
          ]
        }
      ]
    },
    {
      "module": "module.route53",
      "mode": "managed",
      "type": "aws_route53_record",
      "name": "cert_validation",
      "provider": "provider[\"registry.terraform.io/hashicorp/aws\"]",
      "instances": [
        {
          "index_key": "casey.click",
          "schema_version": 2,
          "attributes": {
            "alias": [],
            "allow_overwrite": true,
            "cidr_routing_policy": [],
            "failover_routing_policy": [],
            "fqdn": "_a99cf49b240c7b01a5643b066a8e89a0.casey.click",
            "geolocation_routing_policy": [],
            "geoproximity_routing_policy": [],
            "health_check_id": "",
            "id": "Z071783729IOP1J69O6V1__a99cf49b240c7b01a5643b066a8e89a0.casey.click._CNAME",
            "latency_routing_policy": [],
            "multivalue_answer_routing_policy": false,
            "name": "_a99cf49b240c7b01a5643b066a8e89a0.casey.click",
            "records": [
              "_9973b016bdb6bddab50b7ee2ee1d85e6.xlfgrmvvlj.acm-validations.aws."
            ],
            "set_identifier": "",
            "timeouts": null,
            "ttl": 60,
            "type": "CNAME",
            "weighted_routing_policy": [],
            "zone_id": "Z071783729IOP1J69O6V1"
          },
          "sensitive_attributes": [],
          "private": "eyJlMmJmYjczMC1lY2FhLTExZTYtOGY4OC0zNDM2M2JjN2M0YzAiOnsiY3JlYXRlIjoxODAwMDAwMDAwMDAwLCJkZWxldGUiOjE4MDAwMDAwMDAwMDAsInVwZGF0ZSI6MTgwMDAwMDAwMDAwMH0sInNjaGVtYV92ZXJzaW9uIjoiMiJ9",
          "dependencies": [
            "aws_acm_certificate.website_cert",
            "module.route53.aws_route53_zone.main"
          ]
        },
        {
          "index_key": "www.casey.click",
          "schema_version": 2,
          "attributes": {
            "alias": [],
            "allow_overwrite": true,
            "cidr_routing_policy": [],
            "failover_routing_policy": [],
            "fqdn": "_f9a76a9e2ad6580c182a09a37be55199.www.casey.click",
            "geolocation_routing_policy": [],
            "geoproximity_routing_policy": [],
            "health_check_id": "",
            "id": "Z071783729IOP1J69O6V1__f9a76a9e2ad6580c182a09a37be55199.www.casey.click._CNAME",
            "latency_routing_policy": [],
            "multivalue_answer_routing_policy": false,
            "name": "_f9a76a9e2ad6580c182a09a37be55199.www.casey.click",
            "records": [
              "_68477a1421f2ec1838171ade26bbd56d.xlfgrmvvlj.acm-validations.aws."
            ],
            "set_identifier": "",
            "timeouts": null,
            "ttl": 60,
            "type": "CNAME",
            "weighted_routing_policy": [],
            "zone_id": "Z071783729IOP1J69O6V1"
          },
          "sensitive_attributes": [],
          "private": "eyJlMmJmYjczMC1lY2FhLTExZTYtOGY4OC0zNDM2M2JjN2M0YzAiOnsiY3JlYXRlIjoxODAwMDAwMDAwMDAwLCJkZWxldGUiOjE4MDAwMDAwMDAwMDAsInVwZGF0ZSI6MTgwMDAwMDAwMDAwMH0sInNjaGVtYV92ZXJzaW9uIjoiMiJ9",
          "dependencies": [
            "aws_acm_certificate.website_cert",
            "module.route53.aws_route53_zone.main"
          ]
        }
      ]
    },
    {
      "module": "module.route53",
      "mode": "managed",
      "type": "aws_route53_zone",
      "name": "main",
      "provider": "provider[\"registry.terraform.io/hashicorp/aws\"]",
      "instances": [
        {
          "schema_version": 0,
          "attributes": {
            "arn": "arn:aws:route53:::hostedzone/Z071783729IOP1J69O6V1",
            "comment": "Hosted zone for casey.click static website",
            "delegation_set_id": "",
            "force_destroy": false,
            "id": "Z071783729IOP1J69O6V1",
            "name": "casey.click",
            "name_servers": [
              "ns-1389.awsdns-45.org",
              "ns-2033.awsdns-62.co.uk",
              "ns-326.awsdns-40.com",
              "ns-871.awsdns-44.net"
            ],
            "primary_name_server": "ns-2033.awsdns-62.co.uk",
            "tags": {
              "Name": "casey.click",
              "Purpose": "Static Website DNS"
            },
            "tags_all": {
              "Environment": "prod",
              "ManagedBy": "terraform",
              "Name": "casey.click",
              "Project": "casey-click-website",
              "Purpose": "Static Website DNS"
            },
            "timeouts": null,
            "vpc": [],
            "zone_id": "Z071783729IOP1J69O6V1"
          },
          "sensitive_attributes": [],
          "private": "eyJlMmJmYjczMC1lY2FhLTExZTYtOGY4OC0zNDM2M2JjN2M0YzAiOnsiY3JlYXRlIjoxODAwMDAwMDAwMDAwLCJkZWxldGUiOjE4MDAwMDAwMDAwMDAsInVwZGF0ZSI6MTgwMDAwMDAwMDAwMH19"
        }
      ]
    },
    {
      "module": "module.s3_website",
      "mode": "data",
      "type": "aws_caller_identity",
      "name": "current",
      "provider": "provider[\"registry.terraform.io/hashicorp/aws\"]",
      "instances": [
        {
          "schema_version": 0,
          "attributes": {
            "account_id": "933822101074",
            "arn": "arn:aws:iam::933822101074:user/nam1",
            "id": "933822101074",
            "user_id": "AIDA5S3BCOZJD6UGRF2TO"
          },
          "sensitive_attributes": []
        }
      ]
    },
    {
      "module": "module.s3_website",
      "mode": "data",
      "type": "aws_region",
      "name": "current",
      "provider": "provider[\"registry.terraform.io/hashicorp/aws\"]",
      "instances": [
        {
          "schema_version": 0,
          "attributes": {
            "description": "Asia Pacific (Singapore)",
            "endpoint": "ec2.ap-southeast-1.amazonaws.com",
            "id": "ap-southeast-1",
            "name": "ap-southeast-1"
          },
          "sensitive_attributes": []
        }
      ]
    },
    {
      "module": "module.s3_website",
      "mode": "managed",
      "type": "aws_s3_bucket",
      "name": "website",
      "provider": "provider[\"registry.terraform.io/hashicorp/aws\"]",
      "instances": [
        {
          "schema_version": 0,
          "attributes": {
            "acceleration_status": "",
            "acl": null,
            "arn": "arn:aws:s3:::casey-click-website-prod",
            "bucket": "casey-click-website-prod",
            "bucket_domain_name": "casey-click-website-prod.s3.amazonaws.com",
            "bucket_prefix": "",
            "bucket_regional_domain_name": "casey-click-website-prod.s3.ap-southeast-1.amazonaws.com",
            "cors_rule": [
              {
                "allowed_headers": [
                  "*"
                ],
                "allowed_methods": [
                  "GET",
                  "HEAD"
                ],
                "allowed_origins": [
                  "https://casey.click",
                  "https://www.casey.click"
                ],
                "expose_headers": [
                  "ETag"
                ],
                "max_age_seconds": 3000
              }
            ],
            "force_destroy": false,
            "grant": [
              {
                "id": "595720eb7684a5b96642793a1cabd7b9012dce540804d09cdba4881ea9ca70a4",
                "permissions": [
                  "FULL_CONTROL"
                ],
                "type": "CanonicalUser",
                "uri": ""
              }
            ],
            "hosted_zone_id": "Z3O0J2DXBE1FTB",
            "id": "casey-click-website-prod",
            "lifecycle_rule": [
              {
                "abort_incomplete_multipart_upload_days": 0,
                "enabled": true,
                "expiration": [
                  {
                    "date": "",
                    "days": 90,
                    "expired_object_delete_marker": false
                  }
                ],
                "id": "delete_old_versions",
                "noncurrent_version_expiration": [
                  {
                    "days": 30
                  }
                ],
                "noncurrent_version_transition": [],
                "prefix": "",
                "tags": {},
                "transition": []
              }
            ],
            "logging": [],
            "object_lock_configuration": [],
            "object_lock_enabled": false,
            "policy": "{\"Statement\":[{\"Action\":\"s3:GetObject\",\"Condition\":{\"StringEquals\":{\"AWS:SourceArn\":\"arn:aws:cloudfront::933822101074:distribution/E20H6JIYEH8AXW\"}},\"Effect\":\"Allow\",\"Principal\":{\"Service\":\"cloudfront.amazonaws.com\"},\"Resource\":\"arn:aws:s3:::casey-click-website-prod/*\",\"Sid\":\"AllowCloudFrontServicePrincipal\"}],\"Version\":\"2012-10-17\"}",
            "region": "ap-southeast-1",
            "replication_configuration": [],
            "request_payer": "BucketOwner",
            "server_side_encryption_configuration": [
              {
                "rule": [
                  {
                    "apply_server_side_encryption_by_default": [
                      {
                        "kms_master_key_id": "",
                        "sse_algorithm": "AES256"
                      }
                    ],
                    "bucket_key_enabled": true
                  }
                ]
              }
            ],
            "tags": {
              "Domain": "casey.click",
              "Environment": "prod",
              "Name": "casey-click-website-prod",
              "Purpose": "Static Website Hosting"
            },
            "tags_all": {
              "Domain": "casey.click",
              "Environment": "prod",
              "ManagedBy": "terraform",
              "Name": "casey-click-website-prod",
              "Project": "casey-click-website",
              "Purpose": "Static Website Hosting"
            },
            "timeouts": null,
            "versioning": [
              {
                "enabled": true,
                "mfa_delete": false
              }
            ],
            "website": [],
            "website_domain": null,
            "website_endpoint": null
          },
          "sensitive_attributes": [],
          "private": "eyJlMmJmYjczMC1lY2FhLTExZTYtOGY4OC0zNDM2M2JjN2M0YzAiOnsiY3JlYXRlIjoxMjAwMDAwMDAwMDAwLCJkZWxldGUiOjM2MDAwMDAwMDAwMDAsInJlYWQiOjEyMDAwMDAwMDAwMDAsInVwZGF0ZSI6MTIwMDAwMDAwMDAwMH19"
        }
      ]
    },
    {
      "module": "module.s3_website",
      "mode": "managed",
      "type": "aws_s3_bucket_cors_configuration",
      "name": "website",
      "provider": "provider[\"registry.terraform.io/hashicorp/aws\"]",
      "instances": [
        {
          "schema_version": 0,
          "attributes": {
            "bucket": "casey-click-website-prod",
            "cors_rule": [
              {
                "allowed_headers": [
                  "*"
                ],
                "allowed_methods": [
                  "GET",
                  "HEAD"
                ],
                "allowed_origins": [
                  "https://casey.click",
                  "https://www.casey.click"
                ],
                "expose_headers": [
                  "ETag"
                ],
                "id": "",
                "max_age_seconds": 3000
              }
            ],
            "expected_bucket_owner": "",
            "id": "casey-click-website-prod"
          },
          "sensitive_attributes": [],
          "private": "bnVsbA==",
          "dependencies": [
            "module.s3_website.aws_s3_bucket.website"
          ]
        }
      ]
    },
    {
      "module": "module.s3_website",
      "mode": "managed",
      "type": "aws_s3_bucket_lifecycle_configuration",
      "name": "website",
      "provider": "provider[\"registry.terraform.io/hashicorp/aws\"]",
      "instances": [
        {
          "schema_version": 1,
          "attributes": {
            "bucket": "casey-click-website-prod",
            "expected_bucket_owner": "",
            "id": "casey-click-website-prod",
            "rule": [
              {
                "abort_incomplete_multipart_upload": [],
                "expiration": [
                  {
                    "date": null,
                    "days": 90,
                    "expired_object_delete_marker": false
                  }
                ],
                "filter": [
                  {
                    "and": [],
                    "object_size_greater_than": null,
                    "object_size_less_than": null,
                    "prefix": "",
                    "tag": []
                  }
                ],
                "id": "delete_old_versions",
                "noncurrent_version_expiration": [
                  {
                    "newer_noncurrent_versions": null,
                    "noncurrent_days": 30
                  }
                ],
                "noncurrent_version_transition": [],
                "prefix": "",
                "status": "Enabled",
                "transition": []
              }
            ],
            "timeouts": null,
            "transition_default_minimum_object_size": "all_storage_classes_128K"
          },
          "sensitive_attributes": [],
          "dependencies": [
            "module.s3_website.aws_s3_bucket.website",
            "module.s3_website.aws_s3_bucket_versioning.website"
          ]
        }
      ]
    },
    {
      "module": "module.s3_website",
      "mode": "managed",
      "type": "aws_s3_bucket_notification",
      "name": "website",
      "provider": "provider[\"registry.terraform.io/hashicorp/aws\"]",
      "instances": [
        {
          "schema_version": 0,
          "attributes": {
            "bucket": "casey-click-website-prod",
            "eventbridge": false,
            "id": "casey-click-website-prod",
            "lambda_function": [],
            "queue": [],
            "topic": []
          },
          "sensitive_attributes": [],
          "private": "bnVsbA==",
          "dependencies": [
            "module.s3_website.aws_s3_bucket.website"
          ]
        }
      ]
    },
    {
      "module": "module.s3_website",
      "mode": "managed",
      "type": "aws_s3_bucket_public_access_block",
      "name": "website",
      "provider": "provider[\"registry.terraform.io/hashicorp/aws\"]",
      "instances": [
        {
          "schema_version": 0,
          "attributes": {
            "block_public_acls": true,
            "block_public_policy": true,
            "bucket": "casey-click-website-prod",
            "id": "casey-click-website-prod",
            "ignore_public_acls": true,
            "restrict_public_buckets": true
          },
          "sensitive_attributes": [],
          "private": "bnVsbA==",
          "dependencies": [
            "module.s3_website.aws_s3_bucket.website"
          ]
        }
      ]
    },
    {
      "module": "module.s3_website",
      "mode": "managed",
      "type": "aws_s3_bucket_server_side_encryption_configuration",
      "name": "website",
      "provider": "provider[\"registry.terraform.io/hashicorp/aws\"]",
      "instances": [
        {
          "schema_version": 0,
          "attributes": {
            "bucket": "casey-click-website-prod",
            "expected_bucket_owner": "",
            "id": "casey-click-website-prod",
            "rule": [
              {
                "apply_server_side_encryption_by_default": [
                  {
                    "kms_master_key_id": "",
                    "sse_algorithm": "AES256"
                  }
                ],
                "bucket_key_enabled": true
              }
            ]
          },
          "sensitive_attributes": [],
          "private": "bnVsbA==",
          "dependencies": [
            "module.s3_website.aws_s3_bucket.website"
          ]
        }
      ]
    },
    {
      "module": "module.s3_website",
      "mode": "managed",
      "type": "aws_s3_bucket_versioning",
      "name": "website",
      "provider": "provider[\"registry.terraform.io/hashicorp/aws\"]",
      "instances": [
        {
          "schema_version": 0,
          "attributes": {
            "bucket": "casey-click-website-prod",
            "expected_bucket_owner": "",
            "id": "casey-click-website-prod",
            "mfa": null,
            "versioning_configuration": [
              {
                "mfa_delete": "",
                "status": "Enabled"
              }
            ]
          },
          "sensitive_attributes": [],
          "private": "bnVsbA==",
          "dependencies": [
            "module.s3_website.aws_s3_bucket.website"
          ]
        }
      ]
    }
  ],
  "check_results": [
    {
      "object_kind": "var",
      "config_addr": "var.environment",
      "status": "pass",
      "objects": [
        {
          "object_addr": "var.environment",
          "status": "pass"
        }
      ]
    },
    {
      "object_kind": "var",
      "config_addr": "var.cloudfront_price_class",
      "status": "pass",
      "objects": [
        {
          "object_addr": "var.cloudfront_price_class",
          "status": "pass"
        }
      ]
    },
    {
      "object_kind": "var",
      "config_addr": "module.cloudfront.var.price_class",
      "status": "pass",
      "objects": [
        {
          "object_addr": "module.cloudfront.var.price_class",
          "status": "pass"
        }
      ]
    },
    {
      "object_kind": "var",
      "config_addr": "var.bucket_name",
      "status": "pass",
      "objects": [
        {
          "object_addr": "var.bucket_name",
          "status": "pass"
        }
      ]
    },
    {
      "object_kind": "var",
      "config_addr": "var.minimum_protocol_version",
      "status": "pass",
      "objects": [
        {
          "object_addr": "var.minimum_protocol_version",
          "status": "pass"
        }
      ]
    },
    {
      "object_kind": "var",
      "config_addr": "var.domain_name",
      "status": "pass",
      "objects": [
        {
          "object_addr": "var.domain_name",
          "status": "pass"
        }
      ]
    }
  ]
}
